
Microsoft Visual Studio Solution File, Format Version 12.00
# Visual Studio Version 17
VisualStudioVersion = 17.5.33502.453
MinimumVisualStudioVersion = 10.0.40219.1
Project("{FAE04EC0-301F-11D3-BF4B-00C04F79EFBC}") = "Project1", "Project1\Project1.csproj", "{632D8EA3-E9A9-455F-84A4-CFE34AE72793}"
EndProject
Global
	GlobalSection(SolutionConfigurationPlatforms) = preSolution
		Debug|Any CPU = Debug|Any CPU
		Release|Any CPU = Release|Any CPU
	EndGlobalSection
	GlobalSection(ProjectConfigurationPlatforms) = postSolution
		{632D8EA3-E9A9-455F-84A4-CFE34AE72793}.Debug|Any CPU.ActiveCfg = Debug|Any CPU
		{632D8EA3-E9A9-455F-84A4-CFE34AE72793}.Debug|Any CPU.Build.0 = Debug|Any CPU
		{632D8EA3-E9A9-455F-84A4-CFE34AE72793}.Release|Any CPU.ActiveCfg = Release|Any CPU
		{632D8EA3-E9A9-455F-84A4-CFE34AE72793}.Release|Any CPU.Build.0 = Release|Any CPU
	EndGlobalSection
	GlobalSection(SolutionProperties) = preSolution
		HideSolutionNode = FALSE
	EndGlobalSection
	GlobalSection(ExtensibilityGlobals) = postSolution
		SolutionGuid = {A4518D7A-713C-4889-9F80-5A5100388C55}
	EndGlobalSection
EndGlobal
